<?xml version="1.0" encoding="utf-8"?>
<Project ToolsVersion="4.0" xmlns="http://schemas.microsoft.com/developer/msbuild/2003">
  <ItemGroup>
    <Filter Include="win32">
      <UniqueIdentifier>{84a8ebd7-7cf0-47f6-b75e-d441df67da40}</UniqueIdentifier>
    </Filter>
    <Filter Include="Classes">
      <UniqueIdentifier>{bb6c862e-70e9-49d9-81b7-3829a6f50471}</UniqueIdentifier>
    </Filter>
    <Filter Include="resource">
      <UniqueIdentifier>{715254bc-d70b-4ec5-bf29-467dd3ace079}</UniqueIdentifier>
    </Filter>
    <Filter Include="Classes\include">
      <UniqueIdentifier>{67e87470-e6a3-4104-adf0-658c4abf3090}</UniqueIdentifier>
    </Filter>
    <Filter Include="Classes\main">
      <UniqueIdentifier>{1d42ae70-1569-4a7d-8534-1d5c75ef3e30}</UniqueIdentifier>
    </Filter>
    <Filter Include="Classes\scene">
      <UniqueIdentifier>{ba087078-6cbc-4ba8-9396-bcda3e110655}</UniqueIdentifier>
    </Filter>
    <Filter Include="Classes\lib">
      <UniqueIdentifier>{69dc9e79-ca01-4d96-8d60-7197c0988538}</UniqueIdentifier>
    </Filter>
    <Filter Include="Classes\scene\MainMenu">
      <UniqueIdentifier>{d27ef7a2-3d04-42db-b7a6-5d7bebec1155}</UniqueIdentifier>
    </Filter>
    <Filter Include="Classes\scene\Logo">
      <UniqueIdentifier>{6c1fccbb-c2fa-4227-9c0d-9bb27f9cfb93}</UniqueIdentifier>
    </Filter>
    <Filter Include="Classes\scene\Credit">
      <UniqueIdentifier>{bcc17cb5-eba0-4b76-a508-bd373eb87c7b}</UniqueIdentifier>
    </Filter>
    <Filter Include="Classes\scene\Alice">
      <UniqueIdentifier>{5e00a5fb-1ad6-45c8-8b53-e235543b71d8}</UniqueIdentifier>
    </Filter>
    <Filter Include="Classes\scene\Tutorial">
      <UniqueIdentifier>{2d11a2d4-486e-434a-8232-cc09d5f8c0e5}</UniqueIdentifier>
    </Filter>
  </ItemGroup>
  <ItemGroup>
    <ClCompile Include="main.cpp">
      <Filter>win32</Filter>
    </ClCompile>
    <ClCompile Include="..\Classes\AppDelegate.cpp">
      <Filter>Classes\main</Filter>
    </ClCompile>
    <ClCompile Include="..\Classes\MainMenu.cpp">
      <Filter>Classes\scene\MainMenu</Filter>
    </ClCompile>
    <ClCompile Include="..\Classes\TeamLogo.cpp">
      <Filter>Classes\scene\Logo</Filter>
    </ClCompile>
    <ClCompile Include="..\Classes\Alice.cpp">
      <Filter>Classes\lib</Filter>
    </ClCompile>
    <ClCompile Include="..\Classes\BodyParser.cpp">
      <Filter>Classes\lib</Filter>
    </ClCompile>
    <ClCompile Include="..\Classes\ContactListener.cpp">
      <Filter>Classes\lib</Filter>
    </ClCompile>
    <ClCompile Include="..\Classes\CircleRotation.cpp">
      <Filter>Classes\lib</Filter>
    </ClCompile>
    <ClCompile Include="..\Classes\Credit.cpp">
      <Filter>Classes\scene\Credit</Filter>
    </ClCompile>
    <ClCompile Include="..\Classes\Singleton.cpp">
      <Filter>Classes\lib</Filter>
    </ClCompile>
    <ClCompile Include="..\Classes\Tutorial.cpp">
      <Filter>Classes\scene\Tutorial</Filter>
    </ClCompile>
    <ClCompile Include="..\Classes\InGame.cpp">
      <Filter>Classes\scene\Alice</Filter>
    </ClCompile>
  </ItemGroup>
  <ItemGroup>
    <ClInclude Include="main.h">
      <Filter>win32</Filter>
    </ClInclude>
    <ClInclude Include="..\Classes\AppDelegate.h">
      <Filter>Classes\main</Filter>
    </ClInclude>
    <ClInclude Include="..\Classes\stdafx.h">
      <Filter>Classes\include</Filter>
    </ClInclude>
    <ClInclude Include="..\Classes\UserDefine.h">
      <Filter>Classes\include</Filter>
    </ClInclude>
    <ClInclude Include="..\Classes\UserInclude.h">
      <Filter>Classes\include</Filter>
    </ClInclude>
    <ClInclude Include="..\Classes\MainMenu.h">
      <Filter>Classes\scene\MainMenu</Filter>
    </ClInclude>
    <ClInclude Include="..\Classes\TeamLogo.h">
      <Filter>Classes\scene\Logo</Filter>
    </ClInclude>
    <ClInclude Include="..\Classes\Alice.h">
      <Filter>Classes\lib</Filter>
    </ClInclude>
    <ClInclude Include="..\Classes\Background.h">
      <Filter>Classes\lib</Filter>
    </ClInclude>
    <ClInclude Include="..\Classes\BodyParser.h">
      <Filter>Classes\lib</Filter>
    </ClInclude>
    <ClInclude Include="..\Classes\ContactListener.h">
      <Filter>Classes\lib</Filter>
    </ClInclude>
    <ClInclude Include="..\Classes\CircleRotation.h">
      <Filter>Classes\lib</Filter>
    </ClInclude>
    <ClInclude Include="..\Classes\Credit.h">
      <Filter>Classes\scene\Credit</Filter>
    </ClInclude>
    <ClInclude Include="..\Classes\MenuKey.h">
      <Filter>Classes\lib</Filter>
    </ClInclude>
    <ClInclude Include="..\Classes\Singleton.h">
      <Filter>Classes\lib</Filter>
    </ClInclude>
    <ClInclude Include="..\Classes\Tutorial.h">
      <Filter>Classes\scene\Tutorial</Filter>
    </ClInclude>
    <ClInclude Include="..\Classes\InGame.h">
      <Filter>Classes\scene\Alice</Filter>
    </ClInclude>
  </ItemGroup>
  <ItemGroup>
    <ResourceCompile Include="game.rc">
      <Filter>resource</Filter>
    </ResourceCompile>
  </ItemGroup>
</Project>